# THIS IS AN AUTOGENERATED FILE. DO NOT EDIT THIS FILE DIRECTLY.
# yarn lockfile v1


"espacefine@https://github.com/victorloux/espaceFine":
  version "2.0.0"
  resolved "https://github.com/victorloux/espaceFine#6cdb363fc648abd68999b9ad1be8620ef9e14494"

gumshoejs@^5.1.2:
  version "5.1.2"
  resolved "https://registry.yarnpkg.com/gumshoejs/-/gumshoejs-5.1.2.tgz#82748afe83f3b76cbaef029e58322262f853b7d2"
  integrity sha512-wIRdZGTNkWMP8dY3po8mtNYmCfiSva41LxXIEek2yEHceETpxRmO7DfW7aUbHsuucC9z2oDPu3alN3+00FUqlw==

smooth-scroll@^16.1.0:
  version "16.1.0"
  resolved "https://registry.yarnpkg.com/smooth-scroll/-/smooth-scroll-16.1.0.tgz#c811c63db67215d30847745ba0732feb3291947f"
  integrity sha512-V5b8ekIekZ3xJ6f0sPsLgEbN5YT8gX0Q6yNjZXTKgqjH9dBGadZ0P50fhP0rLRBGifc44qfI3rnWNM+lebhJag==
